
Microsoft Visual Studio Solution File, Format Version 12.00
# Visual Studio Version 18
VisualStudioVersion = 18.1.11312.151 d18.0
MinimumVisualStudioVersion = 10.0.40219.1
Project("{9A19103F-16F7-4668-BE54-9A1E7A4F7556}") = "MediaCollection.API", "MediaCollection.API\MediaCollection.API.csproj", "{C6789F16-CFBA-419E-83A9-77319EA59434}"
EndProject
Project("{2150E333-8FDC-42A3-9474-1A3956D46DE8}") = "1. Data", "1. Data", "{943BA7DE-B78D-4A5B-9470-1BFB320AB547}"
EndProject
Project("{2150E333-8FDC-42A3-9474-1A3956D46DE8}") = "2. Business", "2. Business", "{097B6D9A-68A1-4518-ADD1-B1FB43ED9FC4}"
EndProject
Project("{2150E333-8FDC-42A3-9474-1A3956D46DE8}") = "3. Executables", "3. Executables", "{0CF92F9F-084F-4235-9DE3-615CA014E8F5}"
EndProject
Project("{2150E333-8FDC-42A3-9474-1A3956D46DE8}") = "9. Unit testing", "9. Unit testing", "{9C55E70A-A7BE-4929-9731-A2A6E6767907}"
EndProject
Project("{FAE04EC0-301F-11D3-BF4B-00C04F79EFBC}") = "MediaCollection.Data", "MediaCollection.Data\MediaCollection.Data.csproj", "{423C10E7-36EF-423D-B33A-A2761BF66A25}"
EndProject
Project("{FAE04EC0-301F-11D3-BF4B-00C04F79EFBC}") = "MediaCollection.Domain", "MediaCollection.Domain\MediaCollection.Domain.csproj", "{8E8E9BC5-D35F-4881-B8DE-F32A409D3381}"
EndProject
Project("{FAE04EC0-301F-11D3-BF4B-00C04F79EFBC}") = "MediaCollection.Business", "MediaCollection.Business\MediaCollection.Business.csproj", "{EC8541EC-0427-417D-8A06-181AC1907464}"
EndProject
Project("{FAE04EC0-301F-11D3-BF4B-00C04F79EFBC}") = "MediaCollection.Business.Testing", "MediaCollection.Business.Testing\MediaCollection.Business.Testing.csproj", "{EA454422-2C56-4A2C-B0A8-B4C91EE639DC}"
EndProject
Project("{2150E333-8FDC-42A3-9474-1A3956D46DE8}") = "Solution Items", "Solution Items", "{42651C74-2DA0-43C3-9CB7-53427C979473}"
	ProjectSection(SolutionItems) = preProject
		Directory.Build.Props = Directory.Build.Props
	EndProjectSection
EndProject
Global
	GlobalSection(SolutionConfigurationPlatforms) = preSolution
		Debug|Any CPU = Debug|Any CPU
		Release|Any CPU = Release|Any CPU
	EndGlobalSection
	GlobalSection(ProjectConfigurationPlatforms) = postSolution
		{C6789F16-CFBA-419E-83A9-77319EA59434}.Debug|Any CPU.ActiveCfg = Debug|Any CPU
		{C6789F16-CFBA-419E-83A9-77319EA59434}.Debug|Any CPU.Build.0 = Debug|Any CPU
		{C6789F16-CFBA-419E-83A9-77319EA59434}.Release|Any CPU.ActiveCfg = Release|Any CPU
		{C6789F16-CFBA-419E-83A9-77319EA59434}.Release|Any CPU.Build.0 = Release|Any CPU
		{423C10E7-36EF-423D-B33A-A2761BF66A25}.Debug|Any CPU.ActiveCfg = Debug|Any CPU
		{423C10E7-36EF-423D-B33A-A2761BF66A25}.Debug|Any CPU.Build.0 = Debug|Any CPU
		{423C10E7-36EF-423D-B33A-A2761BF66A25}.Release|Any CPU.ActiveCfg = Release|Any CPU
		{423C10E7-36EF-423D-B33A-A2761BF66A25}.Release|Any CPU.Build.0 = Release|Any CPU
		{8E8E9BC5-D35F-4881-B8DE-F32A409D3381}.Debug|Any CPU.ActiveCfg = Debug|Any CPU
		{8E8E9BC5-D35F-4881-B8DE-F32A409D3381}.Debug|Any CPU.Build.0 = Debug|Any CPU
		{8E8E9BC5-D35F-4881-B8DE-F32A409D3381}.Release|Any CPU.ActiveCfg = Release|Any CPU
		{8E8E9BC5-D35F-4881-B8DE-F32A409D3381}.Release|Any CPU.Build.0 = Release|Any CPU
		{EC8541EC-0427-417D-8A06-181AC1907464}.Debug|Any CPU.ActiveCfg = Debug|Any CPU
		{EC8541EC-0427-417D-8A06-181AC1907464}.Debug|Any CPU.Build.0 = Debug|Any CPU
		{EC8541EC-0427-417D-8A06-181AC1907464}.Release|Any CPU.ActiveCfg = Release|Any CPU
		{EC8541EC-0427-417D-8A06-181AC1907464}.Release|Any CPU.Build.0 = Release|Any CPU
		{EA454422-2C56-4A2C-B0A8-B4C91EE639DC}.Debug|Any CPU.ActiveCfg = Debug|Any CPU
		{EA454422-2C56-4A2C-B0A8-B4C91EE639DC}.Debug|Any CPU.Build.0 = Debug|Any CPU
		{EA454422-2C56-4A2C-B0A8-B4C91EE639DC}.Release|Any CPU.ActiveCfg = Release|Any CPU
		{EA454422-2C56-4A2C-B0A8-B4C91EE639DC}.Release|Any CPU.Build.0 = Release|Any CPU
	EndGlobalSection
	GlobalSection(SolutionProperties) = preSolution
		HideSolutionNode = FALSE
	EndGlobalSection
	GlobalSection(NestedProjects) = preSolution
		{C6789F16-CFBA-419E-83A9-77319EA59434} = {0CF92F9F-084F-4235-9DE3-615CA014E8F5}
		{423C10E7-36EF-423D-B33A-A2761BF66A25} = {943BA7DE-B78D-4A5B-9470-1BFB320AB547}
		{8E8E9BC5-D35F-4881-B8DE-F32A409D3381} = {097B6D9A-68A1-4518-ADD1-B1FB43ED9FC4}
		{EC8541EC-0427-417D-8A06-181AC1907464} = {097B6D9A-68A1-4518-ADD1-B1FB43ED9FC4}
		{EA454422-2C56-4A2C-B0A8-B4C91EE639DC} = {9C55E70A-A7BE-4929-9731-A2A6E6767907}
	EndGlobalSection
	GlobalSection(ExtensibilityGlobals) = postSolution
		SolutionGuid = {0379E3C0-B9C1-456A-A846-219CB3C2226A}
	EndGlobalSection
EndGlobal
